
Microsoft Visual Studio Solution File, Format Version 12.00
# Visual Studio Version 17
VisualStudioVersion = 17.12.35506.116 d17.12
MinimumVisualStudioVersion = 10.0.40219.1
Project("{FAE04EC0-301F-11D3-BF4B-00C04F79EFBC}") = "TabView", "TabView.csproj", "{173EC0BB-A298-400A-AF26-C69CF4E08B61}"
EndProject
Project("{FAE04EC0-301F-11D3-BF4B-00C04F79EFBC}") = "Syncfusion.Maui.TabView", "..\..\..\TradeMark\maui-tabview\maui\src\tabview\Syncfusion.Maui.TabView.csproj", "{119FA12E-E709-4754-AAA1-A1489D2AE2E6}"
EndProject
Global
	GlobalSection(SolutionConfigurationPlatforms) = preSolution
		Debug|Any CPU = Debug|Any CPU
		Release|Any CPU = Release|Any CPU
	EndGlobalSection
	GlobalSection(ProjectConfigurationPlatforms) = postSolution
		{173EC0BB-A298-400A-AF26-C69CF4E08B61}.Debug|Any CPU.ActiveCfg = Debug|Any CPU
		{173EC0BB-A298-400A-AF26-C69CF4E08B61}.Debug|Any CPU.Build.0 = Debug|Any CPU
		{173EC0BB-A298-400A-AF26-C69CF4E08B61}.Release|Any CPU.ActiveCfg = Release|Any CPU
		{173EC0BB-A298-400A-AF26-C69CF4E08B61}.Release|Any CPU.Build.0 = Release|Any CPU
		{119FA12E-E709-4754-AAA1-A1489D2AE2E6}.Debug|Any CPU.ActiveCfg = Debug|Any CPU
		{119FA12E-E709-4754-AAA1-A1489D2AE2E6}.Debug|Any CPU.Build.0 = Debug|Any CPU
		{119FA12E-E709-4754-AAA1-A1489D2AE2E6}.Release|Any CPU.ActiveCfg = Release|Any CPU
		{119FA12E-E709-4754-AAA1-A1489D2AE2E6}.Release|Any CPU.Build.0 = Release|Any CPU
	EndGlobalSection
	GlobalSection(SolutionProperties) = preSolution
		HideSolutionNode = FALSE
	EndGlobalSection
EndGlobal
